// !$*UTF8*$!
{
	archiveVersion = 1;
	classes = {
	};
	objectVersion = 51;
	objects = {

/* Begin PBXBuildFile section */
		72576DAD23C8DE8000AB2579 /* AppDelegate.swift in Sources */ = {isa = PBXBuildFile; fileRef = 72576DAC23C8DE8000AB2579 /* AppDelegate.swift */; };
		72576DAF23C8DE8000AB2579 /* SceneDelegate.swift in Sources */ = {isa = PBXBuildFile; fileRef = 72576DAE23C8DE8000AB2579 /* SceneDelegate.swift */; };
		72576DB123C8DE8000AB2579 /* ViewController.swift in Sources */ = {isa = PBXBuildFile; fileRef = 72576DB023C8DE8000AB2579 /* ViewController.swift */; };
		72576DB423C8DE8000AB2579 /* Main.storyboard in Resources */ = {isa = PBXBuildFile; fileRef = 72576DB223C8DE8000AB2579 /* Main.storyboard */; };
		72576DB623C8DE8300AB2579 /* Assets.xcassets in Resources */ = {isa = PBXBuildFile; fileRef = 72576DB523C8DE8300AB2579 /* Assets.xcassets */; };
		72576DB923C8DE8300AB2579 /* LaunchScreen.storyboard in Resources */ = {isa = PBXBuildFile; fileRef = 72576DB723C8DE8300AB2579 /* LaunchScreen.storyboard */; };
		72576DC123C8DEBF00AB2579 /* GoogleService-Info.plist in Resources */ = {isa = PBXBuildFile; fileRef = 72576DC023C8DEBF00AB2579 /* GoogleService-Info.plist */; };
		72576DC323C8E69200AB2579 /* DuyurularViewController.swift in Sources */ = {isa = PBXBuildFile; fileRef = 72576DC223C8E69200AB2579 /* DuyurularViewController.swift */; };
		72576DC523C8E6A100AB2579 /* DuyuruYapViewController.swift in Sources */ = {isa = PBXBuildFile; fileRef = 72576DC423C8E6A100AB2579 /* DuyuruYapViewController.swift */; };
		72576DC723C8E6C200AB2579 /* HesapViewController.swift in Sources */ = {isa = PBXBuildFile; fileRef = 72576DC623C8E6C200AB2579 /* HesapViewController.swift */; };
		88B9A9C006D56CD76BB446D4 /* Pods_SendeGel_INF303.framework in Frameworks */ = {isa = PBXBuildFile; fileRef = DCC37971E1E17F3A1D3C7DF6 /* Pods_SendeGel_INF303.framework */; };
/* End PBXBuildFile section */

/* Begin PBXFileReference section */
		66781C62E30DA0F4DA3C2EBF /* Pods-SendeGel-INF303.debug.xcconfig */ = {isa = PBXFileReference; includeInIndex = 1; lastKnownFileType = text.xcconfig; name = "Pods-SendeGel-INF303.debug.xcconfig"; path = "Target Support Files/Pods-SendeGel-INF303/Pods-SendeGel-INF303.debug.xcconfig"; sourceTree = "<group>"; };
		72576DA923C8DE8000AB2579 /* SendeGel-INF303.app */ = {isa = PBXFileReference; explicitFileType = wrapper.application; includeInIndex = 0; path = "SendeGel-INF303.app"; sourceTree = BUILT_PRODUCTS_DIR; };
		72576DAC23C8DE8000AB2579 /* AppDelegate.swift */ = {isa = PBXFileReference; lastKnownFileType = sourcecode.swift; path = AppDelegate.swift; sourceTree = "<group>"; };
		72576DAE23C8DE8000AB2579 /* SceneDelegate.swift */ = {isa = PBXFileReference; lastKnownFileType = sourcecode.swift; path = SceneDelegate.swift; sourceTree = "<group>"; };
		72576DB023C8DE8000AB2579 /* ViewController.swift */ = {isa = PBXFileReference; lastKnownFileType = sourcecode.swift; path = ViewController.swift; sourceTree = "<group>"; };
		72576DB323C8DE8000AB2579 /* Base */ = {isa = PBXFileReference; lastKnownFileType = file.storyboard; name = Base; path = Base.lproj/Main.storyboard; sourceTree = "<group>"; };
		72576DB523C8DE8300AB2579 /* Assets.xcassets */ = {isa = PBXFileReference; lastKnownFileType = folder.assetcatalog; path = Assets.xcassets; sourceTree = "<group>"; };
		72576DB823C8DE8300AB2579 /* Base */ = {isa = PBXFileReference; lastKnownFileType = file.storyboard; name = Base; path = Base.lproj/LaunchScreen.storyboard; sourceTree = "<group>"; };
		72576DBA23C8DE8300AB2579 /* Info.plist */ = {isa = PBXFileReference; lastKnownFileType = text.plist.xml; path = Info.plist; sourceTree = "<group>"; };
		72576DC023C8DEBF00AB2579 /* GoogleService-Info.plist */ = {isa = PBXFileReference; fileEncoding = 4; lastKnownFileType = text.plist.xml; path = "GoogleService-Info.plist"; sourceTree = "<group>"; };
		72576DC223C8E69200AB2579 /* DuyurularViewController.swift */ = {isa = PBXFileReference; lastKnownFileType = sourcecode.swift; path = DuyurularViewController.swift; sourceTree = "<group>"; };
		72576DC423C8E6A100AB2579 /* DuyuruYapViewController.swift */ = {isa = PBXFileReference; lastKnownFileType = sourcecode.swift; path = DuyuruYapViewController.swift; sourceTree = "<group>"; };
		72576DC623C8E6C200AB2579 /* HesapViewController.swift */ = {isa = PBXFileReference; lastKnownFileType = sourcecode.swift; path = HesapViewController.swift; sourceTree = "<group>"; };
		CF0A8F4BBEF569E434CE4CA5 /* Pods-SendeGel-INF303.release.xcconfig */ = {isa = PBXFileReference; includeInIndex = 1; lastKnownFileType = text.xcconfig; name = "Pods-SendeGel-INF303.release.xcconfig"; path = "Target Support Files/Pods-SendeGel-INF303/Pods-SendeGel-INF303.release.xcconfig"; sourceTree = "<group>"; };
		DCC37971E1E17F3A1D3C7DF6 /* Pods_SendeGel_INF303.framework */ = {isa = PBXFileReference; explicitFileType = wrapper.framework; includeInIndex = 0; path = Pods_SendeGel_INF303.framework; sourceTree = BUILT_PRODUCTS_DIR; };
/* End PBXFileReference section */

/* Begin PBXFrameworksBuildPhase section */
		72576DA623C8DE8000AB2579 /* Frameworks */ = {
			isa = PBXFrameworksBuildPhase;
			buildActionMask = 2147483647;
			files = (
				88B9A9C006D56CD76BB446D4 /* Pods_SendeGel_INF303.framework in Frameworks */,
			);
			runOnlyForDeploymentPostprocessing = 0;
		};
/* End PBXFrameworksBuildPhase section */

/* Begin PBXGroup section */
		1D5ADF1AF2AA22D35876C6D2 /* Pods */ = {
			isa = PBXGroup;
			children = (
				66781C62E30DA0F4DA3C2EBF /* Pods-SendeGel-INF303.debug.xcconfig */,
				CF0A8F4BBEF569E434CE4CA5 /* Pods-SendeGel-INF303.release.xcconfig */,
			);
			path = Pods;
			sourceTree = "<group>";
		};
		72576DA023C8DE8000AB2579 = {
			isa = PBXGroup;
			children = (
				72576DAB23C8DE8000AB2579 /* SendeGel-INF303 */,
				72576DAA23C8DE8000AB2579 /* Products */,
				1D5ADF1AF2AA22D35876C6D2 /* Pods */,
				DD76862DA0EC0799BE2F7550 /* Frameworks */,
			);
			sourceTree = "<group>";
		};
		72576DAA23C8DE8000AB2579 /* Products */ = {
			isa = PBXGroup;
			children = (
				72576DA923C8DE8000AB2579 /* SendeGel-INF303.app */,
			);
			name = Products;
			sourceTree = "<group>";
		};
		72576DAB23C8DE8000AB2579 /* SendeGel-INF303 */ = {
			isa = PBXGroup;
			children = (
				72576DAC23C8DE8000AB2579 /* AppDelegate.swift */,
				72576DAE23C8DE8000AB2579 /* SceneDelegate.swift */,
				72576DC223C8E69200AB2579 /* DuyurularViewController.swift */,
				72576DC423C8E6A100AB2579 /* DuyuruYapViewController.swift */,
				72576DC623C8E6C200AB2579 /* HesapViewController.swift */,
				72576DB023C8DE8000AB2579 /* ViewController.swift */,
				72576DB223C8DE8000AB2579 /* Main.storyboard */,
				72576DB523C8DE8300AB2579 /* Assets.xcassets */,
				72576DB723C8DE8300AB2579 /* LaunchScreen.storyboard */,
				72576DBA23C8DE8300AB2579 /* Info.plist */,
				72576DC023C8DEBF00AB2579 /* GoogleService-Info.plist */,
			);
			path = "SendeGel-INF303";
			sourceTree = "<group>";
		};
		DD76862DA0EC0799BE2F7550 /* Frameworks */ = {
			isa = PBXGroup;
			children = (
				DCC37971E1E17F3A1D3C7DF6 /* Pods_SendeGel_INF303.framework */,
			);
			name = Frameworks;
			sourceTree = "<group>";
		};
/* End PBXGroup section */

/* Begin PBXNativeTarget section */
		72576DA823C8DE8000AB2579 /* SendeGel-INF303 */ = {
			isa = PBXNativeTarget;
			buildConfigurationList = 72576DBD23C8DE8300AB2579 /* Build configuration list for PBXNativeTarget "SendeGel-INF303" */;
			buildPhases = (
				E1D01101D7B9C34F7A897157 /* [CP] Check Pods Manifest.lock */,
				72576DA523C8DE8000AB2579 /* Sources */,
				72576DA623C8DE8000AB2579 /* Frameworks */,
				72576DA723C8DE8000AB2579 /* Resources */,
				4D78926306C0FE7372A80A4F /* [CP] Embed Pods Frameworks */,
			);
			buildRules = (
			);
			dependencies = (
			);
			name = "SendeGel-INF303";
			productName = "SendeGel-INF303";
			productReference = 72576DA923C8DE8000AB2579 /* SendeGel-INF303.app */;
			productType = "com.apple.product-type.application";
		};
/* End PBXNativeTarget section */

/* Begin PBXProject section */
		72576DA123C8DE8000AB2579 /* Project object */ = {
			isa = PBXProject;
			attributes = {
				LastSwiftUpdateCheck = 1130;
				LastUpgradeCheck = 1130;
				ORGANIZATIONNAME = "Hasan Güzelmansur";
				TargetAttributes = {
					72576DA823C8DE8000AB2579 = {
						CreatedOnToolsVersion = 11.3;
					};
				};
			};
			buildConfigurationList = 72576DA423C8DE8000AB2579 /* Build configuration list for PBXProject "SendeGel-INF303" */;
			compatibilityVersion = "Xcode 9.3";
			developmentRegion = en;
			hasScannedForEncodings = 0;
			knownRegions = (
				en,
				Base,
			);
			mainGroup = 72576DA023C8DE8000AB2579;
			productRefGroup = 72576DAA23C8DE8000AB2579 /* Products */;
			projectDirPath = "";
			projectRoot = "";
			targets = (
				72576DA823C8DE8000AB2579 /* SendeGel-INF303 */,
			);
		};
/* End PBXProject section */

/* Begin PBXResourcesBuildPhase section */
		72576DA723C8DE8000AB2579 /* Resources */ = {
			isa = PBXResourcesBuildPhase;
			buildActionMask = 2147483647;
			files = (
				72576DB923C8DE8300AB2579 /* LaunchScreen.storyboard in Resources */,
				72576DC123C8DEBF00AB2579 /* GoogleService-Info.plist in Resources */,
				72576DB623C8DE8300AB2579 /* Assets.xcassets in Resources */,
				72576DB423C8DE8000AB2579 /* Main.storyboard in Resources */,
			);
			runOnlyForDeploymentPostprocessing = 0;
		};
/* End PBXResourcesBuildPhase section */

/* Begin PBXShellScriptBuildPhase section */
		4D78926306C0FE7372A80A4F /* [CP] Embed Pods Frameworks */ = {
			isa = PBXShellScriptBuildPhase;
			buildActionMask = 2147483647;
			files = (
			);
			inputFileListPaths = (
				"${PODS_ROOT}/Target Support Files/Pods-SendeGel-INF303/Pods-SendeGel-INF303-frameworks-${CONFIGURATION}-input-files.xcfilelist",
			);
			name = "[CP] Embed Pods Frameworks";
			outputFileListPaths = (
				"${PODS_ROOT}/Target Support Files/Pods-SendeGel-INF303/Pods-SendeGel-INF303-frameworks-${CONFIGURATION}-output-files.xcfilelist",
			);
			runOnlyForDeploymentPostprocessing = 0;
			shellPath = /bin/sh;
			shellScript = "\"${PODS_ROOT}/Target Support Files/Pods-SendeGel-INF303/Pods-SendeGel-INF303-frameworks.sh\"\n";
			showEnvVarsInLog = 0;
		};
		E1D01101D7B9C34F7A897157 /* [CP] Check Pods Manifest.lock */ = {
			isa = PBXShellScriptBuildPhase;
			buildActionMask = 2147483647;
			files = (
			);
			inputFileListPaths = (
			);
			inputPaths = (
				"${PODS_PODFILE_DIR_PATH}/Podfile.lock",
				"${PODS_ROOT}/Manifest.lock",
			);
			name = "[CP] Check Pods Manifest.lock";
			outputFileListPaths = (
			);
			outputPaths = (
				"$(DERIVED_FILE_DIR)/Pods-SendeGel-INF303-checkManifestLockResult.txt",
			);
			runOnlyForDeploymentPostprocessing = 0;
			shellPath = /bin/sh;
			shellScript = "diff \"${PODS_PODFILE_DIR_PATH}/Podfile.lock\" \"${PODS_ROOT}/Manifest.lock\" > /dev/null\nif [ $? != 0 ] ; then\n    # print error to STDERR\n    echo \"error: The sandbox is not in sync with the Podfile.lock. Run 'pod install' or update your CocoaPods installation.\" >&2\n    exit 1\nfi\n# This output is used by Xcode 'outputs' to avoid re-running this script phase.\necho \"SUCCESS\" > \"${SCRIPT_OUTPUT_FILE_0}\"\n";
			showEnvVarsInLog = 0;
		};
/* End PBXShellScriptBuildPhase section */

/* Begin PBXSourcesBuildPhase section */
		72576DA523C8DE8000AB2579 /* Sources */ = {
			isa = PBXSourcesBuildPhase;
			buildActionMask = 2147483647;
			files = (
				72576DC723C8E6C200AB2579 /* HesapViewController.swift in Sources */,
				72576DC323C8E69200AB2579 /* DuyurularViewController.swift in Sources */,
				72576DC523C8E6A100AB2579 /* DuyuruYapViewController.swift in Sources */,
				72576DB123C8DE8000AB2579 /* ViewController.swift in Sources */,
				72576DAD23C8DE8000AB2579 /* AppDelegate.swift in Sources */,
				72576DAF23C8DE8000AB2579 /* SceneDelegate.swift in Sources */,
			);
			runOnlyForDeploymentPostprocessing = 0;
		};
/* End PBXSourcesBuildPhase section */

/* Begin PBXVariantGroup section */
		72576DB223C8DE8000AB2579 /* Main.storyboard */ = {
			isa = PBXVariantGroup;
			children = (
				72576DB323C8DE8000AB2579 /* Base */,
			);
			name = Main.storyboard;
			sourceTree = "<group>";
		};
		72576DB723C8DE8300AB2579 /* LaunchScreen.storyboard */ = {
			isa = PBXVariantGroup;
			children = (
				72576DB823C8DE8300AB2579 /* Base */,
			);
			name = LaunchScreen.storyboard;
			sourceTree = "<group>";
		};
/* End PBXVariantGroup section */

/* Begin XCBuildConfiguration section */
		72576DBB23C8DE8300AB2579 /* Debug */ = {
			isa = XCBuildConfiguration;
			buildSettings = {
				ALWAYS_SEARCH_USER_PATHS = NO;
				CLANG_ANALYZER_NONNULL = YES;
				CLANG_ANALYZER_NUMBER_OBJECT_CONVERSION = YES_AGGRESSIVE;
				CLANG_CXX_LANGUAGE_STANDARD = "gnu++14";
				CLANG_CXX_LIBRARY = "libc++";
				CLANG_ENABLE_MODULES = YES;
				CLANG_ENABLE_OBJC_ARC = YES;
				CLANG_ENABLE_OBJC_WEAK = YES;
				CLANG_WARN_BLOCK_CAPTURE_AUTORELEASING = YES;
				CLANG_WARN_BOOL_CONVERSION = YES;
				CLANG_WARN_COMMA = YES;
				CLANG_WARN_CONSTANT_CONVERSION = YES;
				CLANG_WARN_DEPRECATED_OBJC_IMPLEMENTATIONS = YES;
				CLANG_WARN_DIRECT_OBJC_ISA_USAGE = YES_ERROR;
				CLANG_WARN_DOCUMENTATION_COMMENTS = YES;
				CLANG_WARN_EMPTY_BODY = YES;
				CLANG_WARN_ENUM_CONVERSION = YES;
				CLANG_WARN_INFINITE_RECURSION = YES;
				CLANG_WARN_INT_CONVERSION = YES;
				CLANG_WARN_NON_LITERAL_NULL_CONVERSION = YES;
				CLANG_WARN_OBJC_IMPLICIT_RETAIN_SELF = YES;
				CLANG_WARN_OBJC_LITERAL_CONVERSION = YES;
				CLANG_WARN_OBJC_ROOT_CLASS = YES_ERROR;
				CLANG_WARN_RANGE_LOOP_ANALYSIS = YES;
				CLANG_WARN_STRICT_PROTOTYPES = YES;
				CLANG_WARN_SUSPICIOUS_MOVE = YES;
				CLANG_WARN_UNGUARDED_AVAILABILITY = YES_AGGRESSIVE;
				CLANG_WARN_UNREACHABLE_CODE = YES;
				CLANG_WARN__DUPLICATE_METHOD_MATCH = YES;
				COPY_PHASE_STRIP = NO;
				DEBUG_INFORMATION_FORMAT = dwarf;
				ENABLE_STRICT_OBJC_MSGSEND = YES;
				ENABLE_TESTABILITY = YES;
				GCC_C_LANGUAGE_STANDARD = gnu11;
				GCC_DYNAMIC_NO_PIC = NO;
				GCC_NO_COMMON_BLOCKS = YES;
				GCC_OPTIMIZATION_LEVEL = 0;
				GCC_PREPROCESSOR_DEFINITIONS = (
					"DEBUG=1",
					"$(inherited)",
				);
				GCC_WARN_64_TO_32_BIT_CONVERSION = YES;
				GCC_WARN_ABOUT_RETURN_TYPE = YES_ERROR;
				GCC_WARN_UNDECLARED_SELECTOR = YES;
				GCC_WARN_UNINITIALIZED_AUTOS = YES_AGGRESSIVE;
				GCC_WARN_UNUSED_FUNCTION = YES;
				GCC_WARN_UNUSED_VARIABLE = YES;
				IPHONEOS_DEPLOYMENT_TARGET = 13.2;
				MTL_ENABLE_DEBUG_INFO = INCLUDE_SOURCE;
				MTL_FAST_MATH = YES;
				ONLY_ACTIVE_ARCH = YES;
				SDKROOT = iphoneos;
				SWIFT_ACTIVE_COMPILATION_CONDITIONS = DEBUG;
				SWIFT_OPTIMIZATION_LEVEL = "-Onone";
			};
			name = Debug;
		};
		72576DBC23C8DE8300AB2579 /* Release */ = {
			isa = XCBuildConfiguration;
			buildSettings = {
				ALWAYS_SEARCH_USER_PATHS = NO;
				CLANG_ANALYZER_NONNULL = YES;
				CLANG_ANALYZER_NUMBER_OBJECT_CONVERSION = YES_AGGRESSIVE;
				CLANG_CXX_LANGUAGE_STANDARD = "gnu++14";
				CLANG_CXX_LIBRARY = "libc++";
				CLANG_ENABLE_MODULES = YES;
				CLANG_ENABLE_OBJC_ARC = YES;
				CLANG_ENABLE_OBJC_WEAK = YES;
				CLANG_WARN_BLOCK_CAPTURE_AUTORELEASING = YES;
				CLANG_WARN_BOOL_CONVERSION = YES;
				CLANG_WARN_COMMA = YES;
				CLANG_WARN_CONSTANT_CONVERSION = YES;
				CLANG_WARN_DEPRECATED_OBJC_IMPLEMENTATIONS = YES;
				CLANG_WARN_DIRECT_OBJC_ISA_USAGE = YES_ERROR;
				CLANG_WARN_DOCUMENTATION_COMMENTS = YES;
				CLANG_WARN_EMPTY_BODY = YES;
				CLANG_WARN_ENUM_CONVERSION = YES;
				CLANG_WARN_INFINITE_RECURSION = YES;
				CLANG_WARN_INT_CONVERSION = YES;
				CLANG_WARN_NON_LITERAL_NULL_CONVERSION = YES;
				CLANG_WARN_OBJC_IMPLICIT_RETAIN_SELF = YES;
				CLANG_WARN_OBJC_LITERAL_CONVERSION = YES;
				CLANG_WARN_OBJC_ROOT_CLASS = YES_ERROR;
				CLANG_WARN_RANGE_LOOP_ANALYSIS = YES;
				CLANG_WARN_STRICT_PROTOTYPES = YES;
				CLANG_WARN_SUSPICIOUS_MOVE = YES;
				CLANG_WARN_UNGUARDED_AVAILABILITY = YES_AGGRESSIVE;
				CLANG_WARN_UNREACHABLE_CODE = YES;
				CLANG_WARN__DUPLICATE_METHOD_MATCH = YES;
				COPY_PHASE_STRIP = NO;
				DEBUG_INFORMATION_FORMAT = "dwarf-with-dsym";
				ENABLE_NS_ASSERTIONS = NO;
				ENABLE_STRICT_OBJC_MSGSEND = YES;
				GCC_C_LANGUAGE_STANDARD = gnu11;
				GCC_NO_COMMON_BLOCKS = YES;
				GCC_WARN_64_TO_32_BIT_CONVERSION = YES;
				GCC_WARN_ABOUT_RETURN_TYPE = YES_ERROR;
				GCC_WARN_UNDECLARED_SELECTOR = YES;
				GCC_WARN_UNINITIALIZED_AUTOS = YES_AGGRESSIVE;
				GCC_WARN_UNUSED_FUNCTION = YES;
				GCC_WARN_UNUSED_VARIABLE = YES;
				IPHONEOS_DEPLOYMENT_TARGET = 13.2;
				MTL_ENABLE_DEBUG_INFO = NO;
				MTL_FAST_MATH = YES;
				SDKROOT = iphoneos;
				SWIFT_COMPILATION_MODE = wholemodule;
				SWIFT_OPTIMIZATION_LEVEL = "-O";
				VALIDATE_PRODUCT = YES;
			};
			name = Release;
		};
		72576DBE23C8DE8300AB2579 /* Debug */ = {
			isa = XCBuildConfiguration;
			baseConfigurationReference = 66781C62E30DA0F4DA3C2EBF /* Pods-SendeGel-INF303.debug.xcconfig */;
			buildSettings = {
				ASSETCATALOG_COMPILER_APPICON_NAME = AppIcon;
				CODE_SIGN_STYLE = Automatic;
				DEVELOPMENT_TEAM = JQBT4RS2TG;
				INFOPLIST_FILE = "SendeGel-INF303/Info.plist";
				LD_RUNPATH_SEARCH_PATHS = (
					"$(inherited)",
					"@executable_path/Frameworks",
				);
				PRODUCT_BUNDLE_IDENTIFIER = "com.hasanguzelmansur.SendeGel-INF303";
				PRODUCT_NAME = "$(TARGET_NAME)";
				SWIFT_VERSION = 5.0;
				TARGETED_DEVICE_FAMILY = "1,2";
			};
			name = Debug;
		};
		72576DBF23C8DE8300AB2579 /* Release */ = {
			isa = XCBuildConfiguration;
			baseConfigurationReference = CF0A8F4BBEF569E434CE4CA5 /* Pods-SendeGel-INF303.release.xcconfig */;
			buildSettings = {
				ASSETCATALOG_COMPILER_APPICON_NAME = AppIcon;
				CODE_SIGN_STYLE = Automatic;
				DEVELOPMENT_TEAM = JQBT4RS2TG;
				INFOPLIST_FILE = "SendeGel-INF303/Info.plist";
				LD_RUNPATH_SEARCH_PATHS = (
					"$(inherited)",
					"@executable_path/Frameworks",
				);
				PRODUCT_BUNDLE_IDENTIFIER = "com.hasanguzelmansur.SendeGel-INF303";
				PRODUCT_NAME = "$(TARGET_NAME)";
				SWIFT_VERSION = 5.0;
				TARGETED_DEVICE_FAMILY = "1,2";
			};
			name = Release;
		};
/* End XCBuildConfiguration section */

/* Begin XCConfigurationList section */
		72576DA423C8DE8000AB2579 /* Build configuration list for PBXProject "SendeGel-INF303" */ = {
			isa = XCConfigurationList;
			buildConfigurations = (
				72576DBB23C8DE8300AB2579 /* Debug */,
				72576DBC23C8DE8300AB2579 /* Release */,
			);
			defaultConfigurationIsVisible = 0;
			defaultConfigurationName = Release;
		};
		72576DBD23C8DE8300AB2579 /* Build configuration list for PBXNativeTarget "SendeGel-INF303" */ = {
			isa = XCConfigurationList;
			buildConfigurations = (
				72576DBE23C8DE8300AB2579 /* Debug */,
				72576DBF23C8DE8300AB2579 /* Release */,
			);
			defaultConfigurationIsVisible = 0;
			defaultConfigurationName = Release;
		};
/* End XCConfigurationList section */
	};
	rootObject = 72576DA123C8DE8000AB2579 /* Project object */;
}
